
Microsoft Visual Studio Solution File, Format Version 12.00
# Visual Studio Version 16
VisualStudioVersion = 16.0.31911.196
MinimumVisualStudioVersion = 10.0.40219.1
Project("{8BC9CEB8-8B4A-11D0-8D11-00A0C91BC942}") = "ComputerVision", "ComputerVision\ComputerVision.vcxproj", "{FDAAB11A-D8E1-4680-A540-06ACB18637BF}"
EndProject
Global
	GlobalSection(SolutionConfigurationPlatforms) = preSolution
		Debug|x64 = Debug|x64
		Debug|x86 = Debug|x86
		Release|x64 = Release|x64
		Release|x86 = Release|x86
	EndGlobalSection
	GlobalSection(ProjectConfigurationPlatforms) = postSolution
		{FDAAB11A-D8E1-4680-A540-06ACB18637BF}.Debug|x64.ActiveCfg = Debug|x64
		{FDAAB11A-D8E1-4680-A540-06ACB18637BF}.Debug|x64.Build.0 = Debug|x64
		{FDAAB11A-D8E1-4680-A540-06ACB18637BF}.Debug|x86.ActiveCfg = Debug|Win32
		{FDAAB11A-D8E1-4680-A540-06ACB18637BF}.Debug|x86.Build.0 = Debug|Win32
		{FDAAB11A-D8E1-4680-A540-06ACB18637BF}.Release|x64.ActiveCfg = Release|x64
		{FDAAB11A-D8E1-4680-A540-06ACB18637BF}.Release|x64.Build.0 = Release|x64
		{FDAAB11A-D8E1-4680-A540-06ACB18637BF}.Release|x86.ActiveCfg = Release|Win32
		{FDAAB11A-D8E1-4680-A540-06ACB18637BF}.Release|x86.Build.0 = Release|Win32
	EndGlobalSection
	GlobalSection(SolutionProperties) = preSolution
		HideSolutionNode = FALSE
	EndGlobalSection
	GlobalSection(ExtensibilityGlobals) = postSolution
		SolutionGuid = {C8E612B1-F9E4-4525-92BD-47FA060E5B56}
	EndGlobalSection
EndGlobal
